{
  "originHash" : "13cdf5e0a5a52a9be48a6e9ff34be3c3ed4f7d4b500b226e8f3cd910e090057c",
  "pins" : [
    {
      "identity" : "kingfisher",
      "kind" : "remoteSourceControl",
      "location" : "https://github.com/onevcat/Kingfisher.git",
      "state" : {
        "revision" : "2ef543ee21d63734e1c004ad6c870255e8716c50",
        "version" : "7.12.0"
      }
    },
    {
      "identity" : "mockingkit",
      "kind" : "remoteSourceControl",
      "location" : "https://github.com/danielsaidi/MockingKit.git",
      "state" : {
        "revision" : "bf3b0d022d5040c6980d99126373f6f9a030adca",
        "version" : "1.4.2"
      }
    }
  ],
  "version" : 3
}
